
Microsoft Visual Studio Solution File, Format Version 12.00
# Visual Studio 15
VisualStudioVersion = 15.0.26124.0
MinimumVisualStudioVersion = 15.0.26124.0
Project("{2150E333-8FDC-42A3-9474-1A3956D46DE8}") = "src", "src", "{97CE1EFC-8CE7-4C5A-B4EA-2AFE86845814}"
EndProject
Project("{2150E333-8FDC-42A3-9474-1A3956D46DE8}") = "tests", "tests", "{BCF27723-35CB-49AE-BFF9-50788E7A5AE8}"
EndProject
Project("{FAE04EC0-301F-11D3-BF4B-00C04F79EFBC}") = "oidc.AuthModule", "oidc.AuthModule\oidc.AuthModule.csproj", "{A4333642-E621-4A66-AEAE-B708BC48C7BE}"
EndProject
Global
	GlobalSection(SolutionConfigurationPlatforms) = preSolution
		Debug|Any CPU = Debug|Any CPU
		Debug|x64 = Debug|x64
		Debug|x86 = Debug|x86
		Release|Any CPU = Release|Any CPU
		Release|x64 = Release|x64
		Release|x86 = Release|x86
	EndGlobalSection
	GlobalSection(ProjectConfigurationPlatforms) = postSolution
		{A4333642-E621-4A66-AEAE-B708BC48C7BE}.Debug|Any CPU.ActiveCfg = Debug|Any CPU
		{A4333642-E621-4A66-AEAE-B708BC48C7BE}.Debug|Any CPU.Build.0 = Debug|Any CPU
		{A4333642-E621-4A66-AEAE-B708BC48C7BE}.Debug|x64.ActiveCfg = Debug|Any CPU
		{A4333642-E621-4A66-AEAE-B708BC48C7BE}.Debug|x64.Build.0 = Debug|Any CPU
		{A4333642-E621-4A66-AEAE-B708BC48C7BE}.Debug|x86.ActiveCfg = Debug|Any CPU
		{A4333642-E621-4A66-AEAE-B708BC48C7BE}.Debug|x86.Build.0 = Debug|Any CPU
		{A4333642-E621-4A66-AEAE-B708BC48C7BE}.Release|Any CPU.ActiveCfg = Release|Any CPU
		{A4333642-E621-4A66-AEAE-B708BC48C7BE}.Release|Any CPU.Build.0 = Release|Any CPU
		{A4333642-E621-4A66-AEAE-B708BC48C7BE}.Release|x64.ActiveCfg = Release|Any CPU
		{A4333642-E621-4A66-AEAE-B708BC48C7BE}.Release|x64.Build.0 = Release|Any CPU
		{A4333642-E621-4A66-AEAE-B708BC48C7BE}.Release|x86.ActiveCfg = Release|Any CPU
		{A4333642-E621-4A66-AEAE-B708BC48C7BE}.Release|x86.Build.0 = Release|Any CPU
	EndGlobalSection
	GlobalSection(SolutionProperties) = preSolution
		HideSolutionNode = FALSE
	EndGlobalSection
	GlobalSection(NestedProjects) = preSolution
		{A4333642-E621-4A66-AEAE-B708BC48C7BE} = {97CE1EFC-8CE7-4C5A-B4EA-2AFE86845814}
	EndGlobalSection
	GlobalSection(ExtensibilityGlobals) = postSolution
		SolutionGuid = {6545693C-209B-45A9-ADEE-8F8F2FDCEFAF}
	EndGlobalSection
EndGlobal
